
Microsoft Visual Studio Solution File, Format Version 12.00
# Visual Studio Version 16
VisualStudioVersion = 16.0.34601.136
MinimumVisualStudioVersion = 10.0.40219.1
Project("{8BC9CEB8-8B4A-11D0-8D11-00A0C91BC942}") = "Algoritmia", "Algoritmia\Algoritmia.vcxproj", "{BF89B8E9-BE73-4F67-881D-4C17EE255D9B}"
EndProject
Project("{8BC9CEB8-8B4A-11D0-8D11-00A0C91BC942}") = "Algoritmia2", "Algoritmia2\Algoritmia2.vcxproj", "{6C41EED9-1C69-4CF2-818B-B094913F101E}"
EndProject
Project("{8BC9CEB8-8B4A-11D0-8D11-00A0C91BC942}") = "Algoritmia27Mayo2024", "Algoritmia27Mayo2024\Algoritmia27Mayo2024.vcxproj", "{826E3B4F-5F49-45F5-B162-8CAEC636B4E8}"
EndProject
Project("{8BC9CEB8-8B4A-11D0-8D11-00A0C91BC942}") = "Algoritmia28Mayo2024", "Algoritmia28Mayo2024\Algoritmia28Mayo2024.vcxproj", "{98277A03-D513-47D5-B3F7-F203C1AF95F1}"
EndProject
Project("{8BC9CEB8-8B4A-11D0-8D11-00A0C91BC942}") = "Algoritmia04Junio2024", "Algoritmia04Junio2024\Algoritmia04Junio2024.vcxproj", "{38455F46-CCF6-4FAF-9BE7-C79D9F11C0EA}"
EndProject
Project("{8BC9CEB8-8B4A-11D0-8D11-00A0C91BC942}") = "Algoritmia11Junio2024", "Algoritmia11Junio2024\Algoritmia11Junio2024.vcxproj", "{D0477589-729D-41DD-9BE9-BAF5BDFD394F}"
EndProject
Global
	GlobalSection(SolutionConfigurationPlatforms) = preSolution
		Debug|x64 = Debug|x64
		Debug|x86 = Debug|x86
		Release|x64 = Release|x64
		Release|x86 = Release|x86
	EndGlobalSection
	GlobalSection(ProjectConfigurationPlatforms) = postSolution
		{BF89B8E9-BE73-4F67-881D-4C17EE255D9B}.Debug|x64.ActiveCfg = Debug|x64
		{BF89B8E9-BE73-4F67-881D-4C17EE255D9B}.Debug|x64.Build.0 = Debug|x64
		{BF89B8E9-BE73-4F67-881D-4C17EE255D9B}.Debug|x86.ActiveCfg = Debug|Win32
		{BF89B8E9-BE73-4F67-881D-4C17EE255D9B}.Debug|x86.Build.0 = Debug|Win32
		{BF89B8E9-BE73-4F67-881D-4C17EE255D9B}.Release|x64.ActiveCfg = Release|x64
		{BF89B8E9-BE73-4F67-881D-4C17EE255D9B}.Release|x64.Build.0 = Release|x64
		{BF89B8E9-BE73-4F67-881D-4C17EE255D9B}.Release|x86.ActiveCfg = Release|Win32
		{BF89B8E9-BE73-4F67-881D-4C17EE255D9B}.Release|x86.Build.0 = Release|Win32
		{6C41EED9-1C69-4CF2-818B-B094913F101E}.Debug|x64.ActiveCfg = Debug|x64
		{6C41EED9-1C69-4CF2-818B-B094913F101E}.Debug|x64.Build.0 = Debug|x64
		{6C41EED9-1C69-4CF2-818B-B094913F101E}.Debug|x86.ActiveCfg = Debug|Win32
		{6C41EED9-1C69-4CF2-818B-B094913F101E}.Debug|x86.Build.0 = Debug|Win32
		{6C41EED9-1C69-4CF2-818B-B094913F101E}.Release|x64.ActiveCfg = Release|x64
		{6C41EED9-1C69-4CF2-818B-B094913F101E}.Release|x64.Build.0 = Release|x64
		{6C41EED9-1C69-4CF2-818B-B094913F101E}.Release|x86.ActiveCfg = Release|Win32
		{6C41EED9-1C69-4CF2-818B-B094913F101E}.Release|x86.Build.0 = Release|Win32
		{826E3B4F-5F49-45F5-B162-8CAEC636B4E8}.Debug|x64.ActiveCfg = Debug|x64
		{826E3B4F-5F49-45F5-B162-8CAEC636B4E8}.Debug|x64.Build.0 = Debug|x64
		{826E3B4F-5F49-45F5-B162-8CAEC636B4E8}.Debug|x86.ActiveCfg = Debug|Win32
		{826E3B4F-5F49-45F5-B162-8CAEC636B4E8}.Debug|x86.Build.0 = Debug|Win32
		{826E3B4F-5F49-45F5-B162-8CAEC636B4E8}.Release|x64.ActiveCfg = Release|x64
		{826E3B4F-5F49-45F5-B162-8CAEC636B4E8}.Release|x64.Build.0 = Release|x64
		{826E3B4F-5F49-45F5-B162-8CAEC636B4E8}.Release|x86.ActiveCfg = Release|Win32
		{826E3B4F-5F49-45F5-B162-8CAEC636B4E8}.Release|x86.Build.0 = Release|Win32
		{98277A03-D513-47D5-B3F7-F203C1AF95F1}.Debug|x64.ActiveCfg = Debug|x64
		{98277A03-D513-47D5-B3F7-F203C1AF95F1}.Debug|x64.Build.0 = Debug|x64
		{98277A03-D513-47D5-B3F7-F203C1AF95F1}.Debug|x86.ActiveCfg = Debug|Win32
		{98277A03-D513-47D5-B3F7-F203C1AF95F1}.Debug|x86.Build.0 = Debug|Win32
		{98277A03-D513-47D5-B3F7-F203C1AF95F1}.Release|x64.ActiveCfg = Release|x64
		{98277A03-D513-47D5-B3F7-F203C1AF95F1}.Release|x64.Build.0 = Release|x64
		{98277A03-D513-47D5-B3F7-F203C1AF95F1}.Release|x86.ActiveCfg = Release|Win32
		{98277A03-D513-47D5-B3F7-F203C1AF95F1}.Release|x86.Build.0 = Release|Win32
		{38455F46-CCF6-4FAF-9BE7-C79D9F11C0EA}.Debug|x64.ActiveCfg = Debug|x64
		{38455F46-CCF6-4FAF-9BE7-C79D9F11C0EA}.Debug|x64.Build.0 = Debug|x64
		{38455F46-CCF6-4FAF-9BE7-C79D9F11C0EA}.Debug|x86.ActiveCfg = Debug|Win32
		{38455F46-CCF6-4FAF-9BE7-C79D9F11C0EA}.Debug|x86.Build.0 = Debug|Win32
		{38455F46-CCF6-4FAF-9BE7-C79D9F11C0EA}.Release|x64.ActiveCfg = Release|x64
		{38455F46-CCF6-4FAF-9BE7-C79D9F11C0EA}.Release|x64.Build.0 = Release|x64
		{38455F46-CCF6-4FAF-9BE7-C79D9F11C0EA}.Release|x86.ActiveCfg = Release|Win32
		{38455F46-CCF6-4FAF-9BE7-C79D9F11C0EA}.Release|x86.Build.0 = Release|Win32
		{D0477589-729D-41DD-9BE9-BAF5BDFD394F}.Debug|x64.ActiveCfg = Debug|x64
		{D0477589-729D-41DD-9BE9-BAF5BDFD394F}.Debug|x64.Build.0 = Debug|x64
		{D0477589-729D-41DD-9BE9-BAF5BDFD394F}.Debug|x86.ActiveCfg = Debug|Win32
		{D0477589-729D-41DD-9BE9-BAF5BDFD394F}.Debug|x86.Build.0 = Debug|Win32
		{D0477589-729D-41DD-9BE9-BAF5BDFD394F}.Release|x64.ActiveCfg = Release|x64
		{D0477589-729D-41DD-9BE9-BAF5BDFD394F}.Release|x64.Build.0 = Release|x64
		{D0477589-729D-41DD-9BE9-BAF5BDFD394F}.Release|x86.ActiveCfg = Release|Win32
		{D0477589-729D-41DD-9BE9-BAF5BDFD394F}.Release|x86.Build.0 = Release|Win32
	EndGlobalSection
	GlobalSection(SolutionProperties) = preSolution
		HideSolutionNode = FALSE
	EndGlobalSection
	GlobalSection(ExtensibilityGlobals) = postSolution
		SolutionGuid = {A8D87843-2C62-46C2-9BFD-E3E84E57908C}
	EndGlobalSection
EndGlobal
